// !$*UTF8*$!
{
	archiveVersion = 1;
	classes = {
	};
	objectVersion = 55;
	objects = {

/* Begin PBXBuildFile section */
		1D73105F29EA19A600884CAD /* Store.swift in Sources */ = {isa = PBXBuildFile; fileRef = 1D73105C29EA19A600884CAD /* Store.swift */; };
		1D73106029EA19A600884CAD /* Router.swift in Sources */ = {isa = PBXBuildFile; fileRef = 1D73105D29EA19A600884CAD /* Router.swift */; };
		1D73106129EA19A600884CAD /* Common.swift in Sources */ = {isa = PBXBuildFile; fileRef = 1D73105E29EA19A600884CAD /* Common.swift */; };
		1DB40A2D29EDCDDC0065D919 /* GPTKeyView.swift in Sources */ = {isa = PBXBuildFile; fileRef = 1DB40A2C29EDCDDC0065D919 /* GPTKeyView.swift */; };
		1DB40A2F29F1BE370065D919 /* RouterStoreTests.swift in Sources */ = {isa = PBXBuildFile; fileRef = 1DB40A2E29F1BE370065D919 /* RouterStoreTests.swift */; };
		1DB40A3129F1C43E0065D919 /* RouterStore.swift in Sources */ = {isa = PBXBuildFile; fileRef = 1DB40A3029F1C43E0065D919 /* RouterStore.swift */; };
		1DB9919929E36746005E5C75 /* ChatGPTAPI.swift in Sources */ = {isa = PBXBuildFile; fileRef = 1DB9918A29E36746005E5C75 /* ChatGPTAPI.swift */; };
		1DB9919A29E36746005E5C75 /* ChatStore.swift in Sources */ = {isa = PBXBuildFile; fileRef = 1DB9918B29E36746005E5C75 /* ChatStore.swift */; };
		1DB9919C29E36746005E5C75 /* ChatView.swift in Sources */ = {isa = PBXBuildFile; fileRef = 1DB9918D29E36746005E5C75 /* ChatView.swift */; };
		1DB991A329E36746005E5C75 /* ChatViewController.swift in Sources */ = {isa = PBXBuildFile; fileRef = 1DB9919429E36746005E5C75 /* ChatViewController.swift */; };
		1DB991A529E36746005E5C75 /* ChatTabView.swift in Sources */ = {isa = PBXBuildFile; fileRef = 1DB9919629E36746005E5C75 /* ChatTabView.swift */; };
		1DB991A829E3692D005E5C75 /* AppDelegate.swift in Sources */ = {isa = PBXBuildFile; fileRef = 1DB991A629E3692D005E5C75 /* AppDelegate.swift */; };
		1DB991EF29E4B5DC005E5C75 /* LaunchScreen.storyboard in Resources */ = {isa = PBXBuildFile; fileRef = 1DB991ED29E4B5DC005E5C75 /* LaunchScreen.storyboard */; };
		1DB991FA29E4B728005E5C75 /* ChatViewControllerTests.swift in Sources */ = {isa = PBXBuildFile; fileRef = 1DB991F329E4B728005E5C75 /* ChatViewControllerTests.swift */; };
		1DB991FB29E4B728005E5C75 /* ChatStoreTests.swift in Sources */ = {isa = PBXBuildFile; fileRef = 1DB991F429E4B728005E5C75 /* ChatStoreTests.swift */; };
		1DB991FC29E4B728005E5C75 /* MockChatAPI.swift in Sources */ = {isa = PBXBuildFile; fileRef = 1DB991F529E4B728005E5C75 /* MockChatAPI.swift */; };
		1DB991FD29E4B728005E5C75 /* __Snapshots__ in Resources */ = {isa = PBXBuildFile; fileRef = 1DB991F629E4B728005E5C75 /* __Snapshots__ */; };
		1DB991FF29E4B728005E5C75 /* ChatViewTests.swift in Sources */ = {isa = PBXBuildFile; fileRef = 1DB991F829E4B728005E5C75 /* ChatViewTests.swift */; };
		1DB9920129E4B797005E5C75 /* TestResponse.json in Resources */ = {isa = PBXBuildFile; fileRef = 1DB9920029E4B797005E5C75 /* TestResponse.json */; };
		1DB9920529E4B866005E5C75 /* Assets.xcassets in Resources */ = {isa = PBXBuildFile; fileRef = 1DB9920429E4B865005E5C75 /* Assets.xcassets */; };
		1DB9920829E4BC03005E5C75 /* SnapshotTesting in Frameworks */ = {isa = PBXBuildFile; productRef = 1DB9920729E4BC03005E5C75 /* SnapshotTesting */; };
		1DB9920A29E4D57F005E5C75 /* SplashView.swift in Sources */ = {isa = PBXBuildFile; fileRef = 1DB9920929E4D57F005E5C75 /* SplashView.swift */; };
		1DB9920E29E78D5F005E5C75 /* AppRouter.swift in Sources */ = {isa = PBXBuildFile; fileRef = 1DB9920D29E78D5F005E5C75 /* AppRouter.swift */; };
		1DB9921029E78D7A005E5C75 /* ChatRouter.swift in Sources */ = {isa = PBXBuildFile; fileRef = 1DB9920F29E78D7A005E5C75 /* ChatRouter.swift */; };
/* End PBXBuildFile section */

/* Begin PBXContainerItemProxy section */
		1DB9916C29E36676005E5C75 /* PBXContainerItemProxy */ = {
			isa = PBXContainerItemProxy;
			containerPortal = 1DB9914D29E36672005E5C75 /* Project object */;
			proxyType = 1;
			remoteGlobalIDString = 1DB9915429E36672005E5C75;
			remoteInfo = CombineGPTChat;
		};
/* End PBXContainerItemProxy section */

/* Begin PBXFileReference section */
		1D73105C29EA19A600884CAD /* Store.swift */ = {isa = PBXFileReference; lastKnownFileType = sourcecode.swift; path = Store.swift; sourceTree = "<group>"; };
		1D73105D29EA19A600884CAD /* Router.swift */ = {isa = PBXFileReference; lastKnownFileType = sourcecode.swift; path = Router.swift; sourceTree = "<group>"; };
		1D73105E29EA19A600884CAD /* Common.swift */ = {isa = PBXFileReference; lastKnownFileType = sourcecode.swift; path = Common.swift; sourceTree = "<group>"; };
		1DB40A2C29EDCDDC0065D919 /* GPTKeyView.swift */ = {isa = PBXFileReference; lastKnownFileType = sourcecode.swift; path = GPTKeyView.swift; sourceTree = "<group>"; };
		1DB40A2E29F1BE370065D919 /* RouterStoreTests.swift */ = {isa = PBXFileReference; lastKnownFileType = sourcecode.swift; path = RouterStoreTests.swift; sourceTree = "<group>"; };
		1DB40A3029F1C43E0065D919 /* RouterStore.swift */ = {isa = PBXFileReference; lastKnownFileType = sourcecode.swift; path = RouterStore.swift; sourceTree = "<group>"; };
		1DB9915529E36672005E5C75 /* CombineGPTChat.app */ = {isa = PBXFileReference; explicitFileType = wrapper.application; includeInIndex = 0; path = CombineGPTChat.app; sourceTree = BUILT_PRODUCTS_DIR; };
		1DB9916629E36675005E5C75 /* Info.plist */ = {isa = PBXFileReference; lastKnownFileType = text.plist.xml; path = Info.plist; sourceTree = "<group>"; };
		1DB9916B29E36676005E5C75 /* CombineGPTChatTests.xctest */ = {isa = PBXFileReference; explicitFileType = wrapper.cfbundle; includeInIndex = 0; path = CombineGPTChatTests.xctest; sourceTree = BUILT_PRODUCTS_DIR; };
		1DB9918A29E36746005E5C75 /* ChatGPTAPI.swift */ = {isa = PBXFileReference; fileEncoding = 4; lastKnownFileType = sourcecode.swift; path = ChatGPTAPI.swift; sourceTree = "<group>"; };
		1DB9918B29E36746005E5C75 /* ChatStore.swift */ = {isa = PBXFileReference; fileEncoding = 4; lastKnownFileType = sourcecode.swift; path = ChatStore.swift; sourceTree = "<group>"; };
		1DB9918D29E36746005E5C75 /* ChatView.swift */ = {isa = PBXFileReference; fileEncoding = 4; lastKnownFileType = sourcecode.swift; path = ChatView.swift; sourceTree = "<group>"; };
		1DB9919429E36746005E5C75 /* ChatViewController.swift */ = {isa = PBXFileReference; fileEncoding = 4; lastKnownFileType = sourcecode.swift; path = ChatViewController.swift; sourceTree = "<group>"; };
		1DB9919629E36746005E5C75 /* ChatTabView.swift */ = {isa = PBXFileReference; fileEncoding = 4; lastKnownFileType = sourcecode.swift; path = ChatTabView.swift; sourceTree = "<group>"; };
		1DB991A629E3692D005E5C75 /* AppDelegate.swift */ = {isa = PBXFileReference; fileEncoding = 4; lastKnownFileType = sourcecode.swift; path = AppDelegate.swift; sourceTree = "<group>"; };
		1DB991B029E4AEC8005E5C75 /* README.md */ = {isa = PBXFileReference; lastKnownFileType = net.daringfireball.markdown; path = README.md; sourceTree = "<group>"; };
		1DB991EE29E4B5DC005E5C75 /* Base */ = {isa = PBXFileReference; lastKnownFileType = file.storyboard; name = Base; path = Base.lproj/LaunchScreen.storyboard; sourceTree = "<group>"; };
		1DB991F329E4B728005E5C75 /* ChatViewControllerTests.swift */ = {isa = PBXFileReference; fileEncoding = 4; lastKnownFileType = sourcecode.swift; path = ChatViewControllerTests.swift; sourceTree = "<group>"; };
		1DB991F429E4B728005E5C75 /* ChatStoreTests.swift */ = {isa = PBXFileReference; fileEncoding = 4; lastKnownFileType = sourcecode.swift; path = ChatStoreTests.swift; sourceTree = "<group>"; };
		1DB991F529E4B728005E5C75 /* MockChatAPI.swift */ = {isa = PBXFileReference; fileEncoding = 4; lastKnownFileType = sourcecode.swift; path = MockChatAPI.swift; sourceTree = "<group>"; };
		1DB991F629E4B728005E5C75 /* __Snapshots__ */ = {isa = PBXFileReference; lastKnownFileType = folder; path = __Snapshots__; sourceTree = "<group>"; };
		1DB991F829E4B728005E5C75 /* ChatViewTests.swift */ = {isa = PBXFileReference; fileEncoding = 4; lastKnownFileType = sourcecode.swift; path = ChatViewTests.swift; sourceTree = "<group>"; };
		1DB9920029E4B797005E5C75 /* TestResponse.json */ = {isa = PBXFileReference; fileEncoding = 4; lastKnownFileType = text.json; path = TestResponse.json; sourceTree = "<group>"; };
		1DB9920429E4B865005E5C75 /* Assets.xcassets */ = {isa = PBXFileReference; lastKnownFileType = folder.assetcatalog; path = Assets.xcassets; sourceTree = "<group>"; };
		1DB9920929E4D57F005E5C75 /* SplashView.swift */ = {isa = PBXFileReference; lastKnownFileType = sourcecode.swift; path = SplashView.swift; sourceTree = "<group>"; };
		1DB9920D29E78D5F005E5C75 /* AppRouter.swift */ = {isa = PBXFileReference; lastKnownFileType = sourcecode.swift; path = AppRouter.swift; sourceTree = "<group>"; };
		1DB9920F29E78D7A005E5C75 /* ChatRouter.swift */ = {isa = PBXFileReference; lastKnownFileType = sourcecode.swift; path = ChatRouter.swift; sourceTree = "<group>"; };
		1DD1C8F029F32719008198CB /* ControlFlow.png */ = {isa = PBXFileReference; lastKnownFileType = image.png; path = ControlFlow.png; sourceTree = "<group>"; };
/* End PBXFileReference section */

/* Begin PBXFrameworksBuildPhase section */
		1DB9915229E36672005E5C75 /* Frameworks */ = {
			isa = PBXFrameworksBuildPhase;
			buildActionMask = 2147483647;
			files = (
			);
			runOnlyForDeploymentPostprocessing = 0;
		};
		1DB9916829E36676005E5C75 /* Frameworks */ = {
			isa = PBXFrameworksBuildPhase;
			buildActionMask = 2147483647;
			files = (
				1DB9920829E4BC03005E5C75 /* SnapshotTesting in Frameworks */,
			);
			runOnlyForDeploymentPostprocessing = 0;
		};
/* End PBXFrameworksBuildPhase section */

/* Begin PBXGroup section */
		1DB9914C29E36672005E5C75 = {
			isa = PBXGroup;
			children = (
				1DD1C8F029F32719008198CB /* ControlFlow.png */,
				1DB991B029E4AEC8005E5C75 /* README.md */,
				1DB9915729E36672005E5C75 /* CombineGPTChat */,
				1DB9916E29E36676005E5C75 /* CombineGPTChatTests */,
				1DB9915629E36672005E5C75 /* Products */,
			);
			sourceTree = "<group>";
		};
		1DB9915629E36672005E5C75 /* Products */ = {
			isa = PBXGroup;
			children = (
				1DB9915529E36672005E5C75 /* CombineGPTChat.app */,
				1DB9916B29E36676005E5C75 /* CombineGPTChatTests.xctest */,
			);
			name = Products;
			sourceTree = "<group>";
		};
		1DB9915729E36672005E5C75 /* CombineGPTChat */ = {
			isa = PBXGroup;
			children = (
				1D73105E29EA19A600884CAD /* Common.swift */,
				1D73105C29EA19A600884CAD /* Store.swift */,
				1DB40A3029F1C43E0065D919 /* RouterStore.swift */,
				1D73105D29EA19A600884CAD /* Router.swift */,
				1DB9920D29E78D5F005E5C75 /* AppRouter.swift */,
				1DB9920F29E78D7A005E5C75 /* ChatRouter.swift */,
				1DB9918B29E36746005E5C75 /* ChatStore.swift */,
				1DB9919629E36746005E5C75 /* ChatTabView.swift */,
				1DB9918D29E36746005E5C75 /* ChatView.swift */,
				1DB9919429E36746005E5C75 /* ChatViewController.swift */,
				1DB9920929E4D57F005E5C75 /* SplashView.swift */,
				1DB40A2C29EDCDDC0065D919 /* GPTKeyView.swift */,
				1DB9918A29E36746005E5C75 /* ChatGPTAPI.swift */,
				1DB991A629E3692D005E5C75 /* AppDelegate.swift */,
				1DB991ED29E4B5DC005E5C75 /* LaunchScreen.storyboard */,
				1DB9916629E36675005E5C75 /* Info.plist */,
				1DB9920429E4B865005E5C75 /* Assets.xcassets */,
				1DB9920029E4B797005E5C75 /* TestResponse.json */,
			);
			path = CombineGPTChat;
			sourceTree = "<group>";
		};
		1DB9916E29E36676005E5C75 /* CombineGPTChatTests */ = {
			isa = PBXGroup;
			children = (
				1DB40A2E29F1BE370065D919 /* RouterStoreTests.swift */,
				1DB991F429E4B728005E5C75 /* ChatStoreTests.swift */,
				1DB991F829E4B728005E5C75 /* ChatViewTests.swift */,
				1DB991F329E4B728005E5C75 /* ChatViewControllerTests.swift */,
				1DB991F529E4B728005E5C75 /* MockChatAPI.swift */,
				1DB991F629E4B728005E5C75 /* __Snapshots__ */,
			);
			path = CombineGPTChatTests;
			sourceTree = "<group>";
		};
/* End PBXGroup section */

/* Begin PBXNativeTarget section */
		1DB9915429E36672005E5C75 /* CombineGPTChat */ = {
			isa = PBXNativeTarget;
			buildConfigurationList = 1DB9917F29E36676005E5C75 /* Build configuration list for PBXNativeTarget "CombineGPTChat" */;
			buildPhases = (
				1DB9915129E36672005E5C75 /* Sources */,
				1DB9915229E36672005E5C75 /* Frameworks */,
				1DB9915329E36672005E5C75 /* Resources */,
			);
			buildRules = (
			);
			dependencies = (
			);
			name = CombineGPTChat;
			packageProductDependencies = (
			);
			productName = CombineGPTChat;
			productReference = 1DB9915529E36672005E5C75 /* CombineGPTChat.app */;
			productType = "com.apple.product-type.application";
		};
		1DB9916A29E36676005E5C75 /* CombineGPTChatTests */ = {
			isa = PBXNativeTarget;
			buildConfigurationList = 1DB9918229E36676005E5C75 /* Build configuration list for PBXNativeTarget "CombineGPTChatTests" */;
			buildPhases = (
				1DB9916729E36676005E5C75 /* Sources */,
				1DB9916829E36676005E5C75 /* Frameworks */,
				1DB9916929E36676005E5C75 /* Resources */,
			);
			buildRules = (
			);
			dependencies = (
				1DB9916D29E36676005E5C75 /* PBXTargetDependency */,
			);
			name = CombineGPTChatTests;
			packageProductDependencies = (
				1DB9920729E4BC03005E5C75 /* SnapshotTesting */,
			);
			productName = CombineGPTChatTests;
			productReference = 1DB9916B29E36676005E5C75 /* CombineGPTChatTests.xctest */;
			productType = "com.apple.product-type.bundle.unit-test";
		};
/* End PBXNativeTarget section */

/* Begin PBXProject section */
		1DB9914D29E36672005E5C75 /* Project object */ = {
			isa = PBXProject;
			attributes = {
				BuildIndependentTargetsInParallel = 1;
				LastSwiftUpdateCheck = 1320;
				LastUpgradeCheck = 1320;
				TargetAttributes = {
					1DB9915429E36672005E5C75 = {
						CreatedOnToolsVersion = 13.2.1;
					};
					1DB9916A29E36676005E5C75 = {
						CreatedOnToolsVersion = 13.2.1;
						TestTargetID = 1DB9915429E36672005E5C75;
					};
				};
			};
			buildConfigurationList = 1DB9915029E36672005E5C75 /* Build configuration list for PBXProject "CombineGPTChat" */;
			compatibilityVersion = "Xcode 13.0";
			developmentRegion = en;
			hasScannedForEncodings = 0;
			knownRegions = (
				en,
				Base,
			);
			mainGroup = 1DB9914C29E36672005E5C75;
			packageReferences = (
				1DB9920629E4BC02005E5C75 /* XCRemoteSwiftPackageReference "swift-snapshot-testing" */,
			);
			productRefGroup = 1DB9915629E36672005E5C75 /* Products */;
			projectDirPath = "";
			projectRoot = "";
			targets = (
				1DB9915429E36672005E5C75 /* CombineGPTChat */,
				1DB9916A29E36676005E5C75 /* CombineGPTChatTests */,
			);
		};
/* End PBXProject section */

/* Begin PBXResourcesBuildPhase section */
		1DB9915329E36672005E5C75 /* Resources */ = {
			isa = PBXResourcesBuildPhase;
			buildActionMask = 2147483647;
			files = (
				1DB9920129E4B797005E5C75 /* TestResponse.json in Resources */,
				1DB9920529E4B866005E5C75 /* Assets.xcassets in Resources */,
				1DB991EF29E4B5DC005E5C75 /* LaunchScreen.storyboard in Resources */,
			);
			runOnlyForDeploymentPostprocessing = 0;
		};
		1DB9916929E36676005E5C75 /* Resources */ = {
			isa = PBXResourcesBuildPhase;
			buildActionMask = 2147483647;
			files = (
				1DB991FD29E4B728005E5C75 /* __Snapshots__ in Resources */,
			);
			runOnlyForDeploymentPostprocessing = 0;
		};
/* End PBXResourcesBuildPhase section */

/* Begin PBXSourcesBuildPhase section */
		1DB9915129E36672005E5C75 /* Sources */ = {
			isa = PBXSourcesBuildPhase;
			buildActionMask = 2147483647;
			files = (
				1DB9919929E36746005E5C75 /* ChatGPTAPI.swift in Sources */,
				1DB9919A29E36746005E5C75 /* ChatStore.swift in Sources */,
				1DB9920E29E78D5F005E5C75 /* AppRouter.swift in Sources */,
				1DB9920A29E4D57F005E5C75 /* SplashView.swift in Sources */,
				1D73106029EA19A600884CAD /* Router.swift in Sources */,
				1DB991A829E3692D005E5C75 /* AppDelegate.swift in Sources */,
				1DB991A529E36746005E5C75 /* ChatTabView.swift in Sources */,
				1D73105F29EA19A600884CAD /* Store.swift in Sources */,
				1DB40A3129F1C43E0065D919 /* RouterStore.swift in Sources */,
				1D73106129EA19A600884CAD /* Common.swift in Sources */,
				1DB9921029E78D7A005E5C75 /* ChatRouter.swift in Sources */,
				1DB991A329E36746005E5C75 /* ChatViewController.swift in Sources */,
				1DB40A2D29EDCDDC0065D919 /* GPTKeyView.swift in Sources */,
				1DB9919C29E36746005E5C75 /* ChatView.swift in Sources */,
			);
			runOnlyForDeploymentPostprocessing = 0;
		};
		1DB9916729E36676005E5C75 /* Sources */ = {
			isa = PBXSourcesBuildPhase;
			buildActionMask = 2147483647;
			files = (
				1DB991FF29E4B728005E5C75 /* ChatViewTests.swift in Sources */,
				1DB991FC29E4B728005E5C75 /* MockChatAPI.swift in Sources */,
				1DB40A2F29F1BE370065D919 /* RouterStoreTests.swift in Sources */,
				1DB991FA29E4B728005E5C75 /* ChatViewControllerTests.swift in Sources */,
				1DB991FB29E4B728005E5C75 /* ChatStoreTests.swift in Sources */,
			);
			runOnlyForDeploymentPostprocessing = 0;
		};
/* End PBXSourcesBuildPhase section */

/* Begin PBXTargetDependency section */
		1DB9916D29E36676005E5C75 /* PBXTargetDependency */ = {
			isa = PBXTargetDependency;
			target = 1DB9915429E36672005E5C75 /* CombineGPTChat */;
			targetProxy = 1DB9916C29E36676005E5C75 /* PBXContainerItemProxy */;
		};
/* End PBXTargetDependency section */

/* Begin PBXVariantGroup section */
		1DB991ED29E4B5DC005E5C75 /* LaunchScreen.storyboard */ = {
			isa = PBXVariantGroup;
			children = (
				1DB991EE29E4B5DC005E5C75 /* Base */,
			);
			name = LaunchScreen.storyboard;
			sourceTree = "<group>";
		};
/* End PBXVariantGroup section */

/* Begin XCBuildConfiguration section */
		1DB9917D29E36676005E5C75 /* Debug */ = {
			isa = XCBuildConfiguration;
			buildSettings = {
				ALWAYS_SEARCH_USER_PATHS = NO;
				CLANG_ANALYZER_NONNULL = YES;
				CLANG_ANALYZER_NUMBER_OBJECT_CONVERSION = YES_AGGRESSIVE;
				CLANG_CXX_LANGUAGE_STANDARD = "gnu++17";
				CLANG_CXX_LIBRARY = "libc++";
				CLANG_ENABLE_MODULES = YES;
				CLANG_ENABLE_OBJC_ARC = YES;
				CLANG_ENABLE_OBJC_WEAK = YES;
				CLANG_WARN_BLOCK_CAPTURE_AUTORELEASING = YES;
				CLANG_WARN_BOOL_CONVERSION = YES;
				CLANG_WARN_COMMA = YES;
				CLANG_WARN_CONSTANT_CONVERSION = YES;
				CLANG_WARN_DEPRECATED_OBJC_IMPLEMENTATIONS = YES;
				CLANG_WARN_DIRECT_OBJC_ISA_USAGE = YES_ERROR;
				CLANG_WARN_DOCUMENTATION_COMMENTS = YES;
				CLANG_WARN_EMPTY_BODY = YES;
				CLANG_WARN_ENUM_CONVERSION = YES;
				CLANG_WARN_INFINITE_RECURSION = YES;
				CLANG_WARN_INT_CONVERSION = YES;
				CLANG_WARN_NON_LITERAL_NULL_CONVERSION = YES;
				CLANG_WARN_OBJC_IMPLICIT_RETAIN_SELF = YES;
				CLANG_WARN_OBJC_LITERAL_CONVERSION = YES;
				CLANG_WARN_OBJC_ROOT_CLASS = YES_ERROR;
				CLANG_WARN_QUOTED_INCLUDE_IN_FRAMEWORK_HEADER = YES;
				CLANG_WARN_RANGE_LOOP_ANALYSIS = YES;
				CLANG_WARN_STRICT_PROTOTYPES = YES;
				CLANG_WARN_SUSPICIOUS_MOVE = YES;
				CLANG_WARN_UNGUARDED_AVAILABILITY = YES_AGGRESSIVE;
				CLANG_WARN_UNREACHABLE_CODE = YES;
				CLANG_WARN__DUPLICATE_METHOD_MATCH = YES;
				COPY_PHASE_STRIP = NO;
				DEBUG_INFORMATION_FORMAT = dwarf;
				ENABLE_STRICT_OBJC_MSGSEND = YES;
				ENABLE_TESTABILITY = YES;
				GCC_C_LANGUAGE_STANDARD = gnu11;
				GCC_DYNAMIC_NO_PIC = NO;
				GCC_NO_COMMON_BLOCKS = YES;
				GCC_OPTIMIZATION_LEVEL = 0;
				GCC_PREPROCESSOR_DEFINITIONS = (
					"DEBUG=1",
					"$(inherited)",
				);
				GCC_WARN_64_TO_32_BIT_CONVERSION = YES;
				GCC_WARN_ABOUT_RETURN_TYPE = YES_ERROR;
				GCC_WARN_UNDECLARED_SELECTOR = YES;
				GCC_WARN_UNINITIALIZED_AUTOS = YES_AGGRESSIVE;
				GCC_WARN_UNUSED_FUNCTION = YES;
				GCC_WARN_UNUSED_VARIABLE = YES;
				IPHONEOS_DEPLOYMENT_TARGET = 15.2;
				MTL_ENABLE_DEBUG_INFO = INCLUDE_SOURCE;
				MTL_FAST_MATH = YES;
				ONLY_ACTIVE_ARCH = YES;
				SDKROOT = iphoneos;
				SWIFT_ACTIVE_COMPILATION_CONDITIONS = DEBUG;
				SWIFT_OPTIMIZATION_LEVEL = "-Onone";
			};
			name = Debug;
		};
		1DB9917E29E36676005E5C75 /* Release */ = {
			isa = XCBuildConfiguration;
			buildSettings = {
				ALWAYS_SEARCH_USER_PATHS = NO;
				CLANG_ANALYZER_NONNULL = YES;
				CLANG_ANALYZER_NUMBER_OBJECT_CONVERSION = YES_AGGRESSIVE;
				CLANG_CXX_LANGUAGE_STANDARD = "gnu++17";
				CLANG_CXX_LIBRARY = "libc++";
				CLANG_ENABLE_MODULES = YES;
				CLANG_ENABLE_OBJC_ARC = YES;
				CLANG_ENABLE_OBJC_WEAK = YES;
				CLANG_WARN_BLOCK_CAPTURE_AUTORELEASING = YES;
				CLANG_WARN_BOOL_CONVERSION = YES;
				CLANG_WARN_COMMA = YES;
				CLANG_WARN_CONSTANT_CONVERSION = YES;
				CLANG_WARN_DEPRECATED_OBJC_IMPLEMENTATIONS = YES;
				CLANG_WARN_DIRECT_OBJC_ISA_USAGE = YES_ERROR;
				CLANG_WARN_DOCUMENTATION_COMMENTS = YES;
				CLANG_WARN_EMPTY_BODY = YES;
				CLANG_WARN_ENUM_CONVERSION = YES;
				CLANG_WARN_INFINITE_RECURSION = YES;
				CLANG_WARN_INT_CONVERSION = YES;
				CLANG_WARN_NON_LITERAL_NULL_CONVERSION = YES;
				CLANG_WARN_OBJC_IMPLICIT_RETAIN_SELF = YES;
				CLANG_WARN_OBJC_LITERAL_CONVERSION = YES;
				CLANG_WARN_OBJC_ROOT_CLASS = YES_ERROR;
				CLANG_WARN_QUOTED_INCLUDE_IN_FRAMEWORK_HEADER = YES;
				CLANG_WARN_RANGE_LOOP_ANALYSIS = YES;
				CLANG_WARN_STRICT_PROTOTYPES = YES;
				CLANG_WARN_SUSPICIOUS_MOVE = YES;
				CLANG_WARN_UNGUARDED_AVAILABILITY = YES_AGGRESSIVE;
				CLANG_WARN_UNREACHABLE_CODE = YES;
				CLANG_WARN__DUPLICATE_METHOD_MATCH = YES;
				COPY_PHASE_STRIP = NO;
				DEBUG_INFORMATION_FORMAT = "dwarf-with-dsym";
				ENABLE_NS_ASSERTIONS = NO;
				ENABLE_STRICT_OBJC_MSGSEND = YES;
				GCC_C_LANGUAGE_STANDARD = gnu11;
				GCC_NO_COMMON_BLOCKS = YES;
				GCC_WARN_64_TO_32_BIT_CONVERSION = YES;
				GCC_WARN_ABOUT_RETURN_TYPE = YES_ERROR;
				GCC_WARN_UNDECLARED_SELECTOR = YES;
				GCC_WARN_UNINITIALIZED_AUTOS = YES_AGGRESSIVE;
				GCC_WARN_UNUSED_FUNCTION = YES;
				GCC_WARN_UNUSED_VARIABLE = YES;
				IPHONEOS_DEPLOYMENT_TARGET = 15.2;
				MTL_ENABLE_DEBUG_INFO = NO;
				MTL_FAST_MATH = YES;
				SDKROOT = iphoneos;
				SWIFT_COMPILATION_MODE = wholemodule;
				SWIFT_OPTIMIZATION_LEVEL = "-O";
				VALIDATE_PRODUCT = YES;
			};
			name = Release;
		};
		1DB9918029E36676005E5C75 /* Debug */ = {
			isa = XCBuildConfiguration;
			buildSettings = {
				ASSETCATALOG_COMPILER_APPICON_NAME = AppIcon;
				ASSETCATALOG_COMPILER_GLOBAL_ACCENT_COLOR_NAME = AccentColor;
				CODE_SIGN_STYLE = Automatic;
				CURRENT_PROJECT_VERSION = 1;
				DEVELOPMENT_TEAM = 8YF8T56D68;
				GENERATE_INFOPLIST_FILE = YES;
				INFOPLIST_FILE = CombineGPTChat/Info.plist;
				INFOPLIST_KEY_CFBundleDisplayName = RickGPTChat;
				INFOPLIST_KEY_UIApplicationSupportsIndirectInputEvents = YES;
				INFOPLIST_KEY_UILaunchStoryboardName = LaunchScreen;
				INFOPLIST_KEY_UISupportedInterfaceOrientations_iPad = "UIInterfaceOrientationPortrait UIInterfaceOrientationPortraitUpsideDown UIInterfaceOrientationLandscapeLeft UIInterfaceOrientationLandscapeRight";
				INFOPLIST_KEY_UISupportedInterfaceOrientations_iPhone = "UIInterfaceOrientationPortrait UIInterfaceOrientationLandscapeLeft UIInterfaceOrientationLandscapeRight";
				LD_RUNPATH_SEARCH_PATHS = (
					"$(inherited)",
					"@executable_path/Frameworks",
				);
				MARKETING_VERSION = 1.0;
				PRODUCT_BUNDLE_IDENTIFIER = tyler.org.CombineGPTChat;
				PRODUCT_NAME = "$(TARGET_NAME)";
				SWIFT_EMIT_LOC_STRINGS = YES;
				SWIFT_VERSION = 5.0;
				TARGETED_DEVICE_FAMILY = 1;
			};
			name = Debug;
		};
		1DB9918129E36676005E5C75 /* Release */ = {
			isa = XCBuildConfiguration;
			buildSettings = {
				ASSETCATALOG_COMPILER_APPICON_NAME = AppIcon;
				ASSETCATALOG_COMPILER_GLOBAL_ACCENT_COLOR_NAME = AccentColor;
				CODE_SIGN_STYLE = Automatic;
				CURRENT_PROJECT_VERSION = 1;
				DEVELOPMENT_TEAM = 8YF8T56D68;
				GENERATE_INFOPLIST_FILE = YES;
				INFOPLIST_FILE = CombineGPTChat/Info.plist;
				INFOPLIST_KEY_CFBundleDisplayName = RickGPTChat;
				INFOPLIST_KEY_UIApplicationSupportsIndirectInputEvents = YES;
				INFOPLIST_KEY_UILaunchStoryboardName = LaunchScreen;
				INFOPLIST_KEY_UISupportedInterfaceOrientations_iPad = "UIInterfaceOrientationPortrait UIInterfaceOrientationPortraitUpsideDown UIInterfaceOrientationLandscapeLeft UIInterfaceOrientationLandscapeRight";
				INFOPLIST_KEY_UISupportedInterfaceOrientations_iPhone = "UIInterfaceOrientationPortrait UIInterfaceOrientationLandscapeLeft UIInterfaceOrientationLandscapeRight";
				LD_RUNPATH_SEARCH_PATHS = (
					"$(inherited)",
					"@executable_path/Frameworks",
				);
				MARKETING_VERSION = 1.0;
				PRODUCT_BUNDLE_IDENTIFIER = tyler.org.CombineGPTChat;
				PRODUCT_NAME = "$(TARGET_NAME)";
				SWIFT_EMIT_LOC_STRINGS = YES;
				SWIFT_VERSION = 5.0;
				TARGETED_DEVICE_FAMILY = 1;
			};
			name = Release;
		};
		1DB9918329E36676005E5C75 /* Debug */ = {
			isa = XCBuildConfiguration;
			buildSettings = {
				ALWAYS_EMBED_SWIFT_STANDARD_LIBRARIES = YES;
				BUNDLE_LOADER = "$(TEST_HOST)";
				CODE_SIGN_STYLE = Automatic;
				CURRENT_PROJECT_VERSION = 1;
				DEVELOPMENT_TEAM = 8YF8T56D68;
				GENERATE_INFOPLIST_FILE = YES;
				IPHONEOS_DEPLOYMENT_TARGET = 15.2;
				MARKETING_VERSION = 1.0;
				PRODUCT_BUNDLE_IDENTIFIER = tyler.org.CombineGPTChatTests;
				PRODUCT_NAME = "$(TARGET_NAME)";
				SWIFT_EMIT_LOC_STRINGS = NO;
				SWIFT_VERSION = 5.0;
				TARGETED_DEVICE_FAMILY = "1,2";
				TEST_HOST = "$(BUILT_PRODUCTS_DIR)/CombineGPTChat.app/CombineGPTChat";
			};
			name = Debug;
		};
		1DB9918429E36676005E5C75 /* Release */ = {
			isa = XCBuildConfiguration;
			buildSettings = {
				ALWAYS_EMBED_SWIFT_STANDARD_LIBRARIES = YES;
				BUNDLE_LOADER = "$(TEST_HOST)";
				CODE_SIGN_STYLE = Automatic;
				CURRENT_PROJECT_VERSION = 1;
				DEVELOPMENT_TEAM = 8YF8T56D68;
				GENERATE_INFOPLIST_FILE = YES;
				IPHONEOS_DEPLOYMENT_TARGET = 15.2;
				MARKETING_VERSION = 1.0;
				PRODUCT_BUNDLE_IDENTIFIER = tyler.org.CombineGPTChatTests;
				PRODUCT_NAME = "$(TARGET_NAME)";
				SWIFT_EMIT_LOC_STRINGS = NO;
				SWIFT_VERSION = 5.0;
				TARGETED_DEVICE_FAMILY = "1,2";
				TEST_HOST = "$(BUILT_PRODUCTS_DIR)/CombineGPTChat.app/CombineGPTChat";
			};
			name = Release;
		};
/* End XCBuildConfiguration section */

/* Begin XCConfigurationList section */
		1DB9915029E36672005E5C75 /* Build configuration list for PBXProject "CombineGPTChat" */ = {
			isa = XCConfigurationList;
			buildConfigurations = (
				1DB9917D29E36676005E5C75 /* Debug */,
				1DB9917E29E36676005E5C75 /* Release */,
			);
			defaultConfigurationIsVisible = 0;
			defaultConfigurationName = Release;
		};
		1DB9917F29E36676005E5C75 /* Build configuration list for PBXNativeTarget "CombineGPTChat" */ = {
			isa = XCConfigurationList;
			buildConfigurations = (
				1DB9918029E36676005E5C75 /* Debug */,
				1DB9918129E36676005E5C75 /* Release */,
			);
			defaultConfigurationIsVisible = 0;
			defaultConfigurationName = Release;
		};
		1DB9918229E36676005E5C75 /* Build configuration list for PBXNativeTarget "CombineGPTChatTests" */ = {
			isa = XCConfigurationList;
			buildConfigurations = (
				1DB9918329E36676005E5C75 /* Debug */,
				1DB9918429E36676005E5C75 /* Release */,
			);
			defaultConfigurationIsVisible = 0;
			defaultConfigurationName = Release;
		};
/* End XCConfigurationList section */

/* Begin XCRemoteSwiftPackageReference section */
		1DB9920629E4BC02005E5C75 /* XCRemoteSwiftPackageReference "swift-snapshot-testing" */ = {
			isa = XCRemoteSwiftPackageReference;
			repositoryURL = "https://github.com/pointfreeco/swift-snapshot-testing.git";
			requirement = {
				branch = main;
				kind = branch;
			};
		};
/* End XCRemoteSwiftPackageReference section */

/* Begin XCSwiftPackageProductDependency section */
		1DB9920729E4BC03005E5C75 /* SnapshotTesting */ = {
			isa = XCSwiftPackageProductDependency;
			package = 1DB9920629E4BC02005E5C75 /* XCRemoteSwiftPackageReference "swift-snapshot-testing" */;
			productName = SnapshotTesting;
		};
/* End XCSwiftPackageProductDependency section */
	};
	rootObject = 1DB9914D29E36672005E5C75 /* Project object */;
}
